{
  "name": "asp.net",
  "version": "1.0.0",
  "lockfileVersion": 1,
  "requires": true,
  "dependencies": {
    "bootstrap": {
      "version": "3.3.1",
      "resolved": "https://registry.npmjs.org/bootstrap/-/bootstrap-3.3.1.tgz",
      "integrity": "sha512-y2aXwH7MhmTaoROnycbChnWK6Ue+VBUb7B5K4qe2mqjxFQ8f+XXnyouVV2rxxs9zCVqqifJKDLBc+AwBKfLEgA==",
      "dev": true
    }
  }
}
